
Microsoft Visual Studio Solution File, Format Version 12.00
# Visual Studio Version 17
VisualStudioVersion = 17.0.32014.148
MinimumVisualStudioVersion = 10.0.40219.1
Project("{FAE04EC0-301F-11D3-BF4B-00C04F79EFBC}") = "RockPaperScissors", "RockPaperScissors\RockPaperScissors.csproj", "{0E8E44CD-4F5D-4389-AA45-70867D1459B9}"
EndProject
Global
	GlobalSection(SolutionConfigurationPlatforms) = preSolution
		Debug|Any CPU = Debug|Any CPU
		Release|Any CPU = Release|Any CPU
	EndGlobalSection
	GlobalSection(ProjectConfigurationPlatforms) = postSolution
		{0E8E44CD-4F5D-4389-AA45-70867D1459B9}.Debug|Any CPU.ActiveCfg = Debug|Any CPU
		{0E8E44CD-4F5D-4389-AA45-70867D1459B9}.Debug|Any CPU.Build.0 = Debug|Any CPU
		{0E8E44CD-4F5D-4389-AA45-70867D1459B9}.Release|Any CPU.ActiveCfg = Release|Any CPU
		{0E8E44CD-4F5D-4389-AA45-70867D1459B9}.Release|Any CPU.Build.0 = Release|Any CPU
	EndGlobalSection
	GlobalSection(SolutionProperties) = preSolution
		HideSolutionNode = FALSE
	EndGlobalSection
	GlobalSection(ExtensibilityGlobals) = postSolution
		SolutionGuid = {7FDBE478-C55A-4EA4-9F66-7853BE736EBC}
	EndGlobalSection
EndGlobal
